
Microsoft Visual Studio Solution File, Format Version 12.00
# Visual Studio Version 16
VisualStudioVersion = 16.0.30320.27
MinimumVisualStudioVersion = 10.0.40219.1
Project("{9A19103F-16F7-4668-BE54-9A1E7A4F7556}") = "MISA.Entity", "MISA.Entity\MISA.Entity.csproj", "{8A87C301-AA2C-4A09-93A4-4940A05983AE}"
EndProject
Project("{9A19103F-16F7-4668-BE54-9A1E7A4F7556}") = "MISA.BL", "MISA.BL\MISA.BL.csproj", "{C941BEBA-273F-4265-A827-FBF2DCD1A1D6}"
EndProject
Project("{9A19103F-16F7-4668-BE54-9A1E7A4F7556}") = "MISA.DL", "MISA.DL\MISA.DL.csproj", "{DAA7D710-CBC9-4D75-B7E7-54CC2A3097B5}"
EndProject
Project("{9A19103F-16F7-4668-BE54-9A1E7A4F7556}") = "MISA.UI", "MISA.UI\MISA.UI.csproj", "{B319654C-5983-43D8-BC77-54714F32C75D}"
EndProject
Project("{FAE04EC0-301F-11D3-BF4B-00C04F79EFBC}") = "MISA.API", "MISA.API\MISA.API.csproj", "{D326A40D-ABC6-4161-AD92-815F13A0D019}"
EndProject
Global
	GlobalSection(SolutionConfigurationPlatforms) = preSolution
		Debug|Any CPU = Debug|Any CPU
		Release|Any CPU = Release|Any CPU
	EndGlobalSection
	GlobalSection(ProjectConfigurationPlatforms) = postSolution
		{8A87C301-AA2C-4A09-93A4-4940A05983AE}.Debug|Any CPU.ActiveCfg = Debug|Any CPU
		{8A87C301-AA2C-4A09-93A4-4940A05983AE}.Debug|Any CPU.Build.0 = Debug|Any CPU
		{8A87C301-AA2C-4A09-93A4-4940A05983AE}.Release|Any CPU.ActiveCfg = Release|Any CPU
		{8A87C301-AA2C-4A09-93A4-4940A05983AE}.Release|Any CPU.Build.0 = Release|Any CPU
		{C941BEBA-273F-4265-A827-FBF2DCD1A1D6}.Debug|Any CPU.ActiveCfg = Debug|Any CPU
		{C941BEBA-273F-4265-A827-FBF2DCD1A1D6}.Debug|Any CPU.Build.0 = Debug|Any CPU
		{C941BEBA-273F-4265-A827-FBF2DCD1A1D6}.Release|Any CPU.ActiveCfg = Release|Any CPU
		{C941BEBA-273F-4265-A827-FBF2DCD1A1D6}.Release|Any CPU.Build.0 = Release|Any CPU
		{DAA7D710-CBC9-4D75-B7E7-54CC2A3097B5}.Debug|Any CPU.ActiveCfg = Debug|Any CPU
		{DAA7D710-CBC9-4D75-B7E7-54CC2A3097B5}.Debug|Any CPU.Build.0 = Debug|Any CPU
		{DAA7D710-CBC9-4D75-B7E7-54CC2A3097B5}.Release|Any CPU.ActiveCfg = Release|Any CPU
		{DAA7D710-CBC9-4D75-B7E7-54CC2A3097B5}.Release|Any CPU.Build.0 = Release|Any CPU
		{B319654C-5983-43D8-BC77-54714F32C75D}.Debug|Any CPU.ActiveCfg = Debug|Any CPU
		{B319654C-5983-43D8-BC77-54714F32C75D}.Debug|Any CPU.Build.0 = Debug|Any CPU
		{B319654C-5983-43D8-BC77-54714F32C75D}.Release|Any CPU.ActiveCfg = Release|Any CPU
		{B319654C-5983-43D8-BC77-54714F32C75D}.Release|Any CPU.Build.0 = Release|Any CPU
		{D326A40D-ABC6-4161-AD92-815F13A0D019}.Debug|Any CPU.ActiveCfg = Debug|Any CPU
		{D326A40D-ABC6-4161-AD92-815F13A0D019}.Debug|Any CPU.Build.0 = Debug|Any CPU
		{D326A40D-ABC6-4161-AD92-815F13A0D019}.Release|Any CPU.ActiveCfg = Release|Any CPU
		{D326A40D-ABC6-4161-AD92-815F13A0D019}.Release|Any CPU.Build.0 = Release|Any CPU
	EndGlobalSection
	GlobalSection(SolutionProperties) = preSolution
		HideSolutionNode = FALSE
	EndGlobalSection
	GlobalSection(ExtensibilityGlobals) = postSolution
		SolutionGuid = {C087A1BA-6DA5-4E33-94F3-39046D2FA3B0}
	EndGlobalSection
EndGlobal
